{
    "name": "@web-atoms/es6-module-loader",
    "version": "1.0.1",
    "lockfileVersion": 2,
    "requires": true,
    "packages": {
        "": {
            "name": "@web-atoms/es6-module-loader",
            "version": "1.0.1",
            "license": "ISC",
            "devDependencies": {}
        }
    }
}
